// !$*UTF8*$!
{
	archiveVersion = 1;
	classes = {
	};
	objectVersion = 56;
	objects = {

/* Begin PBXBuildFile section */
		8592909A2A1BCDE400AF836D /* To_Do_ListApp.swift in Sources */ = {isa = PBXBuildFile; fileRef = 859290992A1BCDE400AF836D /* To_Do_ListApp.swift */; };
		8592909C2A1BCDE400AF836D /* ContentView.swift in Sources */ = {isa = PBXBuildFile; fileRef = 8592909B2A1BCDE400AF836D /* ContentView.swift */; };
		8592909E2A1BCDE700AF836D /* Assets.xcassets in Resources */ = {isa = PBXBuildFile; fileRef = 8592909D2A1BCDE700AF836D /* Assets.xcassets */; };
		859290A22A1BCDE700AF836D /* Preview Assets.xcassets in Resources */ = {isa = PBXBuildFile; fileRef = 859290A12A1BCDE700AF836D /* Preview Assets.xcassets */; };
		859290AC2A1BCDE700AF836D /* To_Do_ListTests.swift in Sources */ = {isa = PBXBuildFile; fileRef = 859290AB2A1BCDE700AF836D /* To_Do_ListTests.swift */; };
		859290B62A1BCDE700AF836D /* To_Do_ListUITests.swift in Sources */ = {isa = PBXBuildFile; fileRef = 859290B52A1BCDE700AF836D /* To_Do_ListUITests.swift */; };
		859290B82A1BCDE700AF836D /* To_Do_ListUITestsLaunchTests.swift in Sources */ = {isa = PBXBuildFile; fileRef = 859290B72A1BCDE700AF836D /* To_Do_ListUITestsLaunchTests.swift */; };
		859290C62A1BD5CD00AF836D /* M_ToDoList.swift in Sources */ = {isa = PBXBuildFile; fileRef = 859290C52A1BD5CD00AF836D /* M_ToDoList.swift */; };
		859290C82A1BD98C00AF836D /* Add_ToDoList.swift in Sources */ = {isa = PBXBuildFile; fileRef = 859290C72A1BD98C00AF836D /* Add_ToDoList.swift */; };
		859290CA2A1BE4DA00AF836D /* M_LocationManager.swift in Sources */ = {isa = PBXBuildFile; fileRef = 859290C92A1BE4DA00AF836D /* M_LocationManager.swift */; };
		859290CC2A1D1B4F00AF836D /* Edit_ToDoList.swift in Sources */ = {isa = PBXBuildFile; fileRef = 859290CB2A1D1B4F00AF836D /* Edit_ToDoList.swift */; };
		859290CE2A1D204600AF836D /* Detail_ToDoList.swift in Sources */ = {isa = PBXBuildFile; fileRef = 859290CD2A1D204600AF836D /* Detail_ToDoList.swift */; };
		859290D02A1F3E4F00AF836D /* ViewModel.swift in Sources */ = {isa = PBXBuildFile; fileRef = 859290CF2A1F3E4F00AF836D /* ViewModel.swift */; };
		859290D22A1F40B200AF836D /* Model.swift in Sources */ = {isa = PBXBuildFile; fileRef = 859290D12A1F40B200AF836D /* Model.swift */; };
		859290D42A1F4F9B00AF836D /* Offline_Quote.swift in Sources */ = {isa = PBXBuildFile; fileRef = 859290D32A1F4F9B00AF836D /* Offline_Quote.swift */; };
		859290D72A1F534900AF836D /* Connectivity in Frameworks */ = {isa = PBXBuildFile; productRef = 859290D62A1F534900AF836D /* Connectivity */; };
		859290D92A1F763000AF836D /* NewWork.swift in Sources */ = {isa = PBXBuildFile; fileRef = 859290D82A1F763000AF836D /* NewWork.swift */; };
/* End PBXBuildFile section */

/* Begin PBXContainerItemProxy section */
		859290A82A1BCDE700AF836D /* PBXContainerItemProxy */ = {
			isa = PBXContainerItemProxy;
			containerPortal = 8592908E2A1BCDE400AF836D /* Project object */;
			proxyType = 1;
			remoteGlobalIDString = 859290952A1BCDE400AF836D;
			remoteInfo = "To-Do-List";
		};
		859290B22A1BCDE700AF836D /* PBXContainerItemProxy */ = {
			isa = PBXContainerItemProxy;
			containerPortal = 8592908E2A1BCDE400AF836D /* Project object */;
			proxyType = 1;
			remoteGlobalIDString = 859290952A1BCDE400AF836D;
			remoteInfo = "To-Do-List";
		};
/* End PBXContainerItemProxy section */

/* Begin PBXFileReference section */
		859290962A1BCDE400AF836D /* To-Do-List.app */ = {isa = PBXFileReference; explicitFileType = wrapper.application; includeInIndex = 0; path = "To-Do-List.app"; sourceTree = BUILT_PRODUCTS_DIR; };
		859290992A1BCDE400AF836D /* To_Do_ListApp.swift */ = {isa = PBXFileReference; lastKnownFileType = sourcecode.swift; path = To_Do_ListApp.swift; sourceTree = "<group>"; };
		8592909B2A1BCDE400AF836D /* ContentView.swift */ = {isa = PBXFileReference; lastKnownFileType = sourcecode.swift; path = ContentView.swift; sourceTree = "<group>"; };
		8592909D2A1BCDE700AF836D /* Assets.xcassets */ = {isa = PBXFileReference; lastKnownFileType = folder.assetcatalog; path = Assets.xcassets; sourceTree = "<group>"; };
		8592909F2A1BCDE700AF836D /* To_Do_List.entitlements */ = {isa = PBXFileReference; lastKnownFileType = text.plist.entitlements; path = To_Do_List.entitlements; sourceTree = "<group>"; };
		859290A12A1BCDE700AF836D /* Preview Assets.xcassets */ = {isa = PBXFileReference; lastKnownFileType = folder.assetcatalog; path = "Preview Assets.xcassets"; sourceTree = "<group>"; };
		859290A72A1BCDE700AF836D /* To-Do-ListTests.xctest */ = {isa = PBXFileReference; explicitFileType = wrapper.cfbundle; includeInIndex = 0; path = "To-Do-ListTests.xctest"; sourceTree = BUILT_PRODUCTS_DIR; };
		859290AB2A1BCDE700AF836D /* To_Do_ListTests.swift */ = {isa = PBXFileReference; lastKnownFileType = sourcecode.swift; path = To_Do_ListTests.swift; sourceTree = "<group>"; };
		859290B12A1BCDE700AF836D /* To-Do-ListUITests.xctest */ = {isa = PBXFileReference; explicitFileType = wrapper.cfbundle; includeInIndex = 0; path = "To-Do-ListUITests.xctest"; sourceTree = BUILT_PRODUCTS_DIR; };
		859290B52A1BCDE700AF836D /* To_Do_ListUITests.swift */ = {isa = PBXFileReference; lastKnownFileType = sourcecode.swift; path = To_Do_ListUITests.swift; sourceTree = "<group>"; };
		859290B72A1BCDE700AF836D /* To_Do_ListUITestsLaunchTests.swift */ = {isa = PBXFileReference; lastKnownFileType = sourcecode.swift; path = To_Do_ListUITestsLaunchTests.swift; sourceTree = "<group>"; };
		859290C52A1BD5CD00AF836D /* M_ToDoList.swift */ = {isa = PBXFileReference; lastKnownFileType = sourcecode.swift; path = M_ToDoList.swift; sourceTree = "<group>"; };
		859290C72A1BD98C00AF836D /* Add_ToDoList.swift */ = {isa = PBXFileReference; lastKnownFileType = sourcecode.swift; path = Add_ToDoList.swift; sourceTree = "<group>"; };
		859290C92A1BE4DA00AF836D /* M_LocationManager.swift */ = {isa = PBXFileReference; lastKnownFileType = sourcecode.swift; path = M_LocationManager.swift; sourceTree = "<group>"; };
		859290CB2A1D1B4F00AF836D /* Edit_ToDoList.swift */ = {isa = PBXFileReference; lastKnownFileType = sourcecode.swift; path = Edit_ToDoList.swift; sourceTree = "<group>"; };
		859290CD2A1D204600AF836D /* Detail_ToDoList.swift */ = {isa = PBXFileReference; lastKnownFileType = sourcecode.swift; path = Detail_ToDoList.swift; sourceTree = "<group>"; };
		859290CF2A1F3E4F00AF836D /* ViewModel.swift */ = {isa = PBXFileReference; lastKnownFileType = sourcecode.swift; path = ViewModel.swift; sourceTree = "<group>"; };
		859290D12A1F40B200AF836D /* Model.swift */ = {isa = PBXFileReference; lastKnownFileType = sourcecode.swift; path = Model.swift; sourceTree = "<group>"; };
		859290D32A1F4F9B00AF836D /* Offline_Quote.swift */ = {isa = PBXFileReference; lastKnownFileType = sourcecode.swift; path = Offline_Quote.swift; sourceTree = "<group>"; };
		859290D82A1F763000AF836D /* NewWork.swift */ = {isa = PBXFileReference; lastKnownFileType = sourcecode.swift; path = NewWork.swift; sourceTree = "<group>"; };
/* End PBXFileReference section */

/* Begin PBXFrameworksBuildPhase section */
		859290932A1BCDE400AF836D /* Frameworks */ = {
			isa = PBXFrameworksBuildPhase;
			buildActionMask = 2147483647;
			files = (
				859290D72A1F534900AF836D /* Connectivity in Frameworks */,
			);
			runOnlyForDeploymentPostprocessing = 0;
		};
		859290A42A1BCDE700AF836D /* Frameworks */ = {
			isa = PBXFrameworksBuildPhase;
			buildActionMask = 2147483647;
			files = (
			);
			runOnlyForDeploymentPostprocessing = 0;
		};
		859290AE2A1BCDE700AF836D /* Frameworks */ = {
			isa = PBXFrameworksBuildPhase;
			buildActionMask = 2147483647;
			files = (
			);
			runOnlyForDeploymentPostprocessing = 0;
		};
/* End PBXFrameworksBuildPhase section */

/* Begin PBXGroup section */
		8592908D2A1BCDE400AF836D = {
			isa = PBXGroup;
			children = (
				859290982A1BCDE400AF836D /* To-Do-List */,
				859290AA2A1BCDE700AF836D /* To-Do-ListTests */,
				859290B42A1BCDE700AF836D /* To-Do-ListUITests */,
				859290972A1BCDE400AF836D /* Products */,
			);
			sourceTree = "<group>";
		};
		859290972A1BCDE400AF836D /* Products */ = {
			isa = PBXGroup;
			children = (
				859290962A1BCDE400AF836D /* To-Do-List.app */,
				859290A72A1BCDE700AF836D /* To-Do-ListTests.xctest */,
				859290B12A1BCDE700AF836D /* To-Do-ListUITests.xctest */,
			);
			name = Products;
			sourceTree = "<group>";
		};
		859290982A1BCDE400AF836D /* To-Do-List */ = {
			isa = PBXGroup;
			children = (
				859290C42A1BD59200AF836D /* model */,
				859290992A1BCDE400AF836D /* To_Do_ListApp.swift */,
				8592909B2A1BCDE400AF836D /* ContentView.swift */,
				859290C72A1BD98C00AF836D /* Add_ToDoList.swift */,
				859290CD2A1D204600AF836D /* Detail_ToDoList.swift */,
				859290CB2A1D1B4F00AF836D /* Edit_ToDoList.swift */,
				8592909D2A1BCDE700AF836D /* Assets.xcassets */,
				8592909F2A1BCDE700AF836D /* To_Do_List.entitlements */,
				859290A02A1BCDE700AF836D /* Preview Content */,
				859290D32A1F4F9B00AF836D /* Offline_Quote.swift */,
				859290D82A1F763000AF836D /* NewWork.swift */,
			);
			path = "To-Do-List";
			sourceTree = "<group>";
		};
		859290A02A1BCDE700AF836D /* Preview Content */ = {
			isa = PBXGroup;
			children = (
				859290A12A1BCDE700AF836D /* Preview Assets.xcassets */,
			);
			path = "Preview Content";
			sourceTree = "<group>";
		};
		859290AA2A1BCDE700AF836D /* To-Do-ListTests */ = {
			isa = PBXGroup;
			children = (
				859290AB2A1BCDE700AF836D /* To_Do_ListTests.swift */,
			);
			path = "To-Do-ListTests";
			sourceTree = "<group>";
		};
		859290B42A1BCDE700AF836D /* To-Do-ListUITests */ = {
			isa = PBXGroup;
			children = (
				859290B52A1BCDE700AF836D /* To_Do_ListUITests.swift */,
				859290B72A1BCDE700AF836D /* To_Do_ListUITestsLaunchTests.swift */,
			);
			path = "To-Do-ListUITests";
			sourceTree = "<group>";
		};
		859290C42A1BD59200AF836D /* model */ = {
			isa = PBXGroup;
			children = (
				859290CF2A1F3E4F00AF836D /* ViewModel.swift */,
				859290C52A1BD5CD00AF836D /* M_ToDoList.swift */,
				859290C92A1BE4DA00AF836D /* M_LocationManager.swift */,
				859290D12A1F40B200AF836D /* Model.swift */,
			);
			path = model;
			sourceTree = "<group>";
		};
/* End PBXGroup section */

/* Begin PBXNativeTarget section */
		859290952A1BCDE400AF836D /* To-Do-List */ = {
			isa = PBXNativeTarget;
			buildConfigurationList = 859290BB2A1BCDE700AF836D /* Build configuration list for PBXNativeTarget "To-Do-List" */;
			buildPhases = (
				859290922A1BCDE400AF836D /* Sources */,
				859290932A1BCDE400AF836D /* Frameworks */,
				859290942A1BCDE400AF836D /* Resources */,
			);
			buildRules = (
			);
			dependencies = (
			);
			name = "To-Do-List";
			packageProductDependencies = (
				859290D62A1F534900AF836D /* Connectivity */,
			);
			productName = "To-Do-List";
			productReference = 859290962A1BCDE400AF836D /* To-Do-List.app */;
			productType = "com.apple.product-type.application";
		};
		859290A62A1BCDE700AF836D /* To-Do-ListTests */ = {
			isa = PBXNativeTarget;
			buildConfigurationList = 859290BE2A1BCDE700AF836D /* Build configuration list for PBXNativeTarget "To-Do-ListTests" */;
			buildPhases = (
				859290A32A1BCDE700AF836D /* Sources */,
				859290A42A1BCDE700AF836D /* Frameworks */,
				859290A52A1BCDE700AF836D /* Resources */,
			);
			buildRules = (
			);
			dependencies = (
				859290A92A1BCDE700AF836D /* PBXTargetDependency */,
			);
			name = "To-Do-ListTests";
			productName = "To-Do-ListTests";
			productReference = 859290A72A1BCDE700AF836D /* To-Do-ListTests.xctest */;
			productType = "com.apple.product-type.bundle.unit-test";
		};
		859290B02A1BCDE700AF836D /* To-Do-ListUITests */ = {
			isa = PBXNativeTarget;
			buildConfigurationList = 859290C12A1BCDE700AF836D /* Build configuration list for PBXNativeTarget "To-Do-ListUITests" */;
			buildPhases = (
				859290AD2A1BCDE700AF836D /* Sources */,
				859290AE2A1BCDE700AF836D /* Frameworks */,
				859290AF2A1BCDE700AF836D /* Resources */,
			);
			buildRules = (
			);
			dependencies = (
				859290B32A1BCDE700AF836D /* PBXTargetDependency */,
			);
			name = "To-Do-ListUITests";
			productName = "To-Do-ListUITests";
			productReference = 859290B12A1BCDE700AF836D /* To-Do-ListUITests.xctest */;
			productType = "com.apple.product-type.bundle.ui-testing";
		};
/* End PBXNativeTarget section */

/* Begin PBXProject section */
		8592908E2A1BCDE400AF836D /* Project object */ = {
			isa = PBXProject;
			attributes = {
				BuildIndependentTargetsInParallel = 1;
				LastSwiftUpdateCheck = 1430;
				LastUpgradeCheck = 1430;
				TargetAttributes = {
					859290952A1BCDE400AF836D = {
						CreatedOnToolsVersion = 14.3;
					};
					859290A62A1BCDE700AF836D = {
						CreatedOnToolsVersion = 14.3;
						TestTargetID = 859290952A1BCDE400AF836D;
					};
					859290B02A1BCDE700AF836D = {
						CreatedOnToolsVersion = 14.3;
						TestTargetID = 859290952A1BCDE400AF836D;
					};
				};
			};
			buildConfigurationList = 859290912A1BCDE400AF836D /* Build configuration list for PBXProject "To-Do-List" */;
			compatibilityVersion = "Xcode 14.0";
			developmentRegion = en;
			hasScannedForEncodings = 0;
			knownRegions = (
				en,
				Base,
			);
			mainGroup = 8592908D2A1BCDE400AF836D;
			packageReferences = (
				859290D52A1F534900AF836D /* XCRemoteSwiftPackageReference "Connectivity" */,
			);
			productRefGroup = 859290972A1BCDE400AF836D /* Products */;
			projectDirPath = "";
			projectRoot = "";
			targets = (
				859290952A1BCDE400AF836D /* To-Do-List */,
				859290A62A1BCDE700AF836D /* To-Do-ListTests */,
				859290B02A1BCDE700AF836D /* To-Do-ListUITests */,
			);
		};
/* End PBXProject section */

/* Begin PBXResourcesBuildPhase section */
		859290942A1BCDE400AF836D /* Resources */ = {
			isa = PBXResourcesBuildPhase;
			buildActionMask = 2147483647;
			files = (
				859290A22A1BCDE700AF836D /* Preview Assets.xcassets in Resources */,
				8592909E2A1BCDE700AF836D /* Assets.xcassets in Resources */,
			);
			runOnlyForDeploymentPostprocessing = 0;
		};
		859290A52A1BCDE700AF836D /* Resources */ = {
			isa = PBXResourcesBuildPhase;
			buildActionMask = 2147483647;
			files = (
			);
			runOnlyForDeploymentPostprocessing = 0;
		};
		859290AF2A1BCDE700AF836D /* Resources */ = {
			isa = PBXResourcesBuildPhase;
			buildActionMask = 2147483647;
			files = (
			);
			runOnlyForDeploymentPostprocessing = 0;
		};
/* End PBXResourcesBuildPhase section */

/* Begin PBXSourcesBuildPhase section */
		859290922A1BCDE400AF836D /* Sources */ = {
			isa = PBXSourcesBuildPhase;
			buildActionMask = 2147483647;
			files = (
				859290D22A1F40B200AF836D /* Model.swift in Sources */,
				8592909C2A1BCDE400AF836D /* ContentView.swift in Sources */,
				859290CC2A1D1B4F00AF836D /* Edit_ToDoList.swift in Sources */,
				859290D92A1F763000AF836D /* NewWork.swift in Sources */,
				859290CA2A1BE4DA00AF836D /* M_LocationManager.swift in Sources */,
				859290CE2A1D204600AF836D /* Detail_ToDoList.swift in Sources */,
				8592909A2A1BCDE400AF836D /* To_Do_ListApp.swift in Sources */,
				859290D42A1F4F9B00AF836D /* Offline_Quote.swift in Sources */,
				859290C62A1BD5CD00AF836D /* M_ToDoList.swift in Sources */,
				859290D02A1F3E4F00AF836D /* ViewModel.swift in Sources */,
				859290C82A1BD98C00AF836D /* Add_ToDoList.swift in Sources */,
			);
			runOnlyForDeploymentPostprocessing = 0;
		};
		859290A32A1BCDE700AF836D /* Sources */ = {
			isa = PBXSourcesBuildPhase;
			buildActionMask = 2147483647;
			files = (
				859290AC2A1BCDE700AF836D /* To_Do_ListTests.swift in Sources */,
			);
			runOnlyForDeploymentPostprocessing = 0;
		};
		859290AD2A1BCDE700AF836D /* Sources */ = {
			isa = PBXSourcesBuildPhase;
			buildActionMask = 2147483647;
			files = (
				859290B82A1BCDE700AF836D /* To_Do_ListUITestsLaunchTests.swift in Sources */,
				859290B62A1BCDE700AF836D /* To_Do_ListUITests.swift in Sources */,
			);
			runOnlyForDeploymentPostprocessing = 0;
		};
/* End PBXSourcesBuildPhase section */

/* Begin PBXTargetDependency section */
		859290A92A1BCDE700AF836D /* PBXTargetDependency */ = {
			isa = PBXTargetDependency;
			target = 859290952A1BCDE400AF836D /* To-Do-List */;
			targetProxy = 859290A82A1BCDE700AF836D /* PBXContainerItemProxy */;
		};
		859290B32A1BCDE700AF836D /* PBXTargetDependency */ = {
			isa = PBXTargetDependency;
			target = 859290952A1BCDE400AF836D /* To-Do-List */;
			targetProxy = 859290B22A1BCDE700AF836D /* PBXContainerItemProxy */;
		};
/* End PBXTargetDependency section */

/* Begin XCBuildConfiguration section */
		859290B92A1BCDE700AF836D /* Debug */ = {
			isa = XCBuildConfiguration;
			buildSettings = {
				ALWAYS_SEARCH_USER_PATHS = NO;
				CLANG_ANALYZER_NONNULL = YES;
				CLANG_ANALYZER_NUMBER_OBJECT_CONVERSION = YES_AGGRESSIVE;
				CLANG_CXX_LANGUAGE_STANDARD = "gnu++20";
				CLANG_ENABLE_MODULES = YES;
				CLANG_ENABLE_OBJC_ARC = YES;
				CLANG_ENABLE_OBJC_WEAK = YES;
				CLANG_WARN_BLOCK_CAPTURE_AUTORELEASING = YES;
				CLANG_WARN_BOOL_CONVERSION = YES;
				CLANG_WARN_COMMA = YES;
				CLANG_WARN_CONSTANT_CONVERSION = YES;
				CLANG_WARN_DEPRECATED_OBJC_IMPLEMENTATIONS = YES;
				CLANG_WARN_DIRECT_OBJC_ISA_USAGE = YES_ERROR;
				CLANG_WARN_DOCUMENTATION_COMMENTS = YES;
				CLANG_WARN_EMPTY_BODY = YES;
				CLANG_WARN_ENUM_CONVERSION = YES;
				CLANG_WARN_INFINITE_RECURSION = YES;
				CLANG_WARN_INT_CONVERSION = YES;
				CLANG_WARN_NON_LITERAL_NULL_CONVERSION = YES;
				CLANG_WARN_OBJC_IMPLICIT_RETAIN_SELF = YES;
				CLANG_WARN_OBJC_LITERAL_CONVERSION = YES;
				CLANG_WARN_OBJC_ROOT_CLASS = YES_ERROR;
				CLANG_WARN_QUOTED_INCLUDE_IN_FRAMEWORK_HEADER = YES;
				CLANG_WARN_RANGE_LOOP_ANALYSIS = YES;
				CLANG_WARN_STRICT_PROTOTYPES = YES;
				CLANG_WARN_SUSPICIOUS_MOVE = YES;
				CLANG_WARN_UNGUARDED_AVAILABILITY = YES_AGGRESSIVE;
				CLANG_WARN_UNREACHABLE_CODE = YES;
				CLANG_WARN__DUPLICATE_METHOD_MATCH = YES;
				COPY_PHASE_STRIP = NO;
				DEBUG_INFORMATION_FORMAT = dwarf;
				ENABLE_STRICT_OBJC_MSGSEND = YES;
				ENABLE_TESTABILITY = YES;
				GCC_C_LANGUAGE_STANDARD = gnu11;
				GCC_DYNAMIC_NO_PIC = NO;
				GCC_NO_COMMON_BLOCKS = YES;
				GCC_OPTIMIZATION_LEVEL = 0;
				GCC_PREPROCESSOR_DEFINITIONS = (
					"DEBUG=1",
					"$(inherited)",
				);
				GCC_WARN_64_TO_32_BIT_CONVERSION = YES;
				GCC_WARN_ABOUT_RETURN_TYPE = YES_ERROR;
				GCC_WARN_UNDECLARED_SELECTOR = YES;
				GCC_WARN_UNINITIALIZED_AUTOS = YES_AGGRESSIVE;
				GCC_WARN_UNUSED_FUNCTION = YES;
				GCC_WARN_UNUSED_VARIABLE = YES;
				MTL_ENABLE_DEBUG_INFO = INCLUDE_SOURCE;
				MTL_FAST_MATH = YES;
				ONLY_ACTIVE_ARCH = YES;
				SWIFT_ACTIVE_COMPILATION_CONDITIONS = DEBUG;
				SWIFT_OPTIMIZATION_LEVEL = "-Onone";
			};
			name = Debug;
		};
		859290BA2A1BCDE700AF836D /* Release */ = {
			isa = XCBuildConfiguration;
			buildSettings = {
				ALWAYS_SEARCH_USER_PATHS = NO;
				CLANG_ANALYZER_NONNULL = YES;
				CLANG_ANALYZER_NUMBER_OBJECT_CONVERSION = YES_AGGRESSIVE;
				CLANG_CXX_LANGUAGE_STANDARD = "gnu++20";
				CLANG_ENABLE_MODULES = YES;
				CLANG_ENABLE_OBJC_ARC = YES;
				CLANG_ENABLE_OBJC_WEAK = YES;
				CLANG_WARN_BLOCK_CAPTURE_AUTORELEASING = YES;
				CLANG_WARN_BOOL_CONVERSION = YES;
				CLANG_WARN_COMMA = YES;
				CLANG_WARN_CONSTANT_CONVERSION = YES;
				CLANG_WARN_DEPRECATED_OBJC_IMPLEMENTATIONS = YES;
				CLANG_WARN_DIRECT_OBJC_ISA_USAGE = YES_ERROR;
				CLANG_WARN_DOCUMENTATION_COMMENTS = YES;
				CLANG_WARN_EMPTY_BODY = YES;
				CLANG_WARN_ENUM_CONVERSION = YES;
				CLANG_WARN_INFINITE_RECURSION = YES;
				CLANG_WARN_INT_CONVERSION = YES;
				CLANG_WARN_NON_LITERAL_NULL_CONVERSION = YES;
				CLANG_WARN_OBJC_IMPLICIT_RETAIN_SELF = YES;
				CLANG_WARN_OBJC_LITERAL_CONVERSION = YES;
				CLANG_WARN_OBJC_ROOT_CLASS = YES_ERROR;
				CLANG_WARN_QUOTED_INCLUDE_IN_FRAMEWORK_HEADER = YES;
				CLANG_WARN_RANGE_LOOP_ANALYSIS = YES;
				CLANG_WARN_STRICT_PROTOTYPES = YES;
				CLANG_WARN_SUSPICIOUS_MOVE = YES;
				CLANG_WARN_UNGUARDED_AVAILABILITY = YES_AGGRESSIVE;
				CLANG_WARN_UNREACHABLE_CODE = YES;
				CLANG_WARN__DUPLICATE_METHOD_MATCH = YES;
				COPY_PHASE_STRIP = NO;
				DEBUG_INFORMATION_FORMAT = "dwarf-with-dsym";
				ENABLE_NS_ASSERTIONS = NO;
				ENABLE_STRICT_OBJC_MSGSEND = YES;
				GCC_C_LANGUAGE_STANDARD = gnu11;
				GCC_NO_COMMON_BLOCKS = YES;
				GCC_WARN_64_TO_32_BIT_CONVERSION = YES;
				GCC_WARN_ABOUT_RETURN_TYPE = YES_ERROR;
				GCC_WARN_UNDECLARED_SELECTOR = YES;
				GCC_WARN_UNINITIALIZED_AUTOS = YES_AGGRESSIVE;
				GCC_WARN_UNUSED_FUNCTION = YES;
				GCC_WARN_UNUSED_VARIABLE = YES;
				MTL_ENABLE_DEBUG_INFO = NO;
				MTL_FAST_MATH = YES;
				SWIFT_COMPILATION_MODE = wholemodule;
				SWIFT_OPTIMIZATION_LEVEL = "-O";
			};
			name = Release;
		};
		859290BC2A1BCDE700AF836D /* Debug */ = {
			isa = XCBuildConfiguration;
			buildSettings = {
				ASSETCATALOG_COMPILER_APPICON_NAME = AppIcon;
				ASSETCATALOG_COMPILER_GLOBAL_ACCENT_COLOR_NAME = AccentColor;
				CODE_SIGN_ENTITLEMENTS = "To-Do-List/To_Do_List.entitlements";
				CODE_SIGN_IDENTITY = "Apple Development";
				CODE_SIGN_STYLE = Automatic;
				CURRENT_PROJECT_VERSION = 1;
				DEVELOPMENT_ASSET_PATHS = "\"To-Do-List/Preview Content\"";
				DEVELOPMENT_TEAM = P8LH6FUVDL;
				ENABLE_PREVIEWS = YES;
				GENERATE_INFOPLIST_FILE = YES;
				INFOPLIST_KEY_NSLocationWhenInUseUsageDescription = "";
				"INFOPLIST_KEY_UIApplicationSceneManifest_Generation[sdk=iphoneos*]" = YES;
				"INFOPLIST_KEY_UIApplicationSceneManifest_Generation[sdk=iphonesimulator*]" = YES;
				"INFOPLIST_KEY_UIApplicationSupportsIndirectInputEvents[sdk=iphoneos*]" = YES;
				"INFOPLIST_KEY_UIApplicationSupportsIndirectInputEvents[sdk=iphonesimulator*]" = YES;
				"INFOPLIST_KEY_UILaunchScreen_Generation[sdk=iphoneos*]" = YES;
				"INFOPLIST_KEY_UILaunchScreen_Generation[sdk=iphonesimulator*]" = YES;
				"INFOPLIST_KEY_UIStatusBarStyle[sdk=iphoneos*]" = UIStatusBarStyleDefault;
				"INFOPLIST_KEY_UIStatusBarStyle[sdk=iphonesimulator*]" = UIStatusBarStyleDefault;
				INFOPLIST_KEY_UISupportedInterfaceOrientations_iPad = "UIInterfaceOrientationPortrait UIInterfaceOrientationPortraitUpsideDown UIInterfaceOrientationLandscapeLeft UIInterfaceOrientationLandscapeRight";
				INFOPLIST_KEY_UISupportedInterfaceOrientations_iPhone = "UIInterfaceOrientationPortrait UIInterfaceOrientationLandscapeLeft UIInterfaceOrientationLandscapeRight";
				IPHONEOS_DEPLOYMENT_TARGET = 16.4;
				LD_RUNPATH_SEARCH_PATHS = "@executable_path/Frameworks";
				"LD_RUNPATH_SEARCH_PATHS[sdk=macosx*]" = "@executable_path/../Frameworks";
				MACOSX_DEPLOYMENT_TARGET = 13.3;
				MARKETING_VERSION = 1.0;
				PRODUCT_BUNDLE_IDENTIFIER = "Fong.To-Do-List";
				PRODUCT_NAME = "$(TARGET_NAME)";
				PROVISIONING_PROFILE_SPECIFIER = "";
				SDKROOT = auto;
				SUPPORTED_PLATFORMS = "iphoneos iphonesimulator macosx";
				SWIFT_EMIT_LOC_STRINGS = YES;
				SWIFT_VERSION = 5.0;
				TARGETED_DEVICE_FAMILY = "1,2";
			};
			name = Debug;
		};
		859290BD2A1BCDE700AF836D /* Release */ = {
			isa = XCBuildConfiguration;
			buildSettings = {
				ASSETCATALOG_COMPILER_APPICON_NAME = AppIcon;
				ASSETCATALOG_COMPILER_GLOBAL_ACCENT_COLOR_NAME = AccentColor;
				CODE_SIGN_ENTITLEMENTS = "To-Do-List/To_Do_List.entitlements";
				CODE_SIGN_IDENTITY = "Apple Development";
				CODE_SIGN_STYLE = Automatic;
				CURRENT_PROJECT_VERSION = 1;
				DEVELOPMENT_ASSET_PATHS = "\"To-Do-List/Preview Content\"";
				DEVELOPMENT_TEAM = P8LH6FUVDL;
				ENABLE_PREVIEWS = YES;
				GENERATE_INFOPLIST_FILE = YES;
				INFOPLIST_KEY_NSLocationWhenInUseUsageDescription = "";
				"INFOPLIST_KEY_UIApplicationSceneManifest_Generation[sdk=iphoneos*]" = YES;
				"INFOPLIST_KEY_UIApplicationSceneManifest_Generation[sdk=iphonesimulator*]" = YES;
				"INFOPLIST_KEY_UIApplicationSupportsIndirectInputEvents[sdk=iphoneos*]" = YES;
				"INFOPLIST_KEY_UIApplicationSupportsIndirectInputEvents[sdk=iphonesimulator*]" = YES;
				"INFOPLIST_KEY_UILaunchScreen_Generation[sdk=iphoneos*]" = YES;
				"INFOPLIST_KEY_UILaunchScreen_Generation[sdk=iphonesimulator*]" = YES;
				"INFOPLIST_KEY_UIStatusBarStyle[sdk=iphoneos*]" = UIStatusBarStyleDefault;
				"INFOPLIST_KEY_UIStatusBarStyle[sdk=iphonesimulator*]" = UIStatusBarStyleDefault;
				INFOPLIST_KEY_UISupportedInterfaceOrientations_iPad = "UIInterfaceOrientationPortrait UIInterfaceOrientationPortraitUpsideDown UIInterfaceOrientationLandscapeLeft UIInterfaceOrientationLandscapeRight";
				INFOPLIST_KEY_UISupportedInterfaceOrientations_iPhone = "UIInterfaceOrientationPortrait UIInterfaceOrientationLandscapeLeft UIInterfaceOrientationLandscapeRight";
				IPHONEOS_DEPLOYMENT_TARGET = 16.4;
				LD_RUNPATH_SEARCH_PATHS = "@executable_path/Frameworks";
				"LD_RUNPATH_SEARCH_PATHS[sdk=macosx*]" = "@executable_path/../Frameworks";
				MACOSX_DEPLOYMENT_TARGET = 13.3;
				MARKETING_VERSION = 1.0;
				PRODUCT_BUNDLE_IDENTIFIER = "Fong.To-Do-List";
				PRODUCT_NAME = "$(TARGET_NAME)";
				PROVISIONING_PROFILE_SPECIFIER = "";
				SDKROOT = auto;
				SUPPORTED_PLATFORMS = "iphoneos iphonesimulator macosx";
				SWIFT_EMIT_LOC_STRINGS = YES;
				SWIFT_VERSION = 5.0;
				TARGETED_DEVICE_FAMILY = "1,2";
			};
			name = Release;
		};
		859290BF2A1BCDE700AF836D /* Debug */ = {
			isa = XCBuildConfiguration;
			buildSettings = {
				ALWAYS_EMBED_SWIFT_STANDARD_LIBRARIES = YES;
				BUNDLE_LOADER = "$(TEST_HOST)";
				CODE_SIGN_STYLE = Automatic;
				CURRENT_PROJECT_VERSION = 1;
				GENERATE_INFOPLIST_FILE = YES;
				IPHONEOS_DEPLOYMENT_TARGET = 16.4;
				MACOSX_DEPLOYMENT_TARGET = 13.3;
				MARKETING_VERSION = 1.0;
				PRODUCT_BUNDLE_IDENTIFIER = "Fong.To-Do-ListTests";
				PRODUCT_NAME = "$(TARGET_NAME)";
				SDKROOT = auto;
				SUPPORTED_PLATFORMS = "iphoneos iphonesimulator macosx";
				SWIFT_EMIT_LOC_STRINGS = NO;
				SWIFT_VERSION = 5.0;
				TARGETED_DEVICE_FAMILY = "1,2";
				TEST_HOST = "$(BUILT_PRODUCTS_DIR)/To-Do-List.app/$(BUNDLE_EXECUTABLE_FOLDER_PATH)/To-Do-List";
			};
			name = Debug;
		};
		859290C02A1BCDE700AF836D /* Release */ = {
			isa = XCBuildConfiguration;
			buildSettings = {
				ALWAYS_EMBED_SWIFT_STANDARD_LIBRARIES = YES;
				BUNDLE_LOADER = "$(TEST_HOST)";
				CODE_SIGN_STYLE = Automatic;
				CURRENT_PROJECT_VERSION = 1;
				GENERATE_INFOPLIST_FILE = YES;
				IPHONEOS_DEPLOYMENT_TARGET = 16.4;
				MACOSX_DEPLOYMENT_TARGET = 13.3;
				MARKETING_VERSION = 1.0;
				PRODUCT_BUNDLE_IDENTIFIER = "Fong.To-Do-ListTests";
				PRODUCT_NAME = "$(TARGET_NAME)";
				SDKROOT = auto;
				SUPPORTED_PLATFORMS = "iphoneos iphonesimulator macosx";
				SWIFT_EMIT_LOC_STRINGS = NO;
				SWIFT_VERSION = 5.0;
				TARGETED_DEVICE_FAMILY = "1,2";
				TEST_HOST = "$(BUILT_PRODUCTS_DIR)/To-Do-List.app/$(BUNDLE_EXECUTABLE_FOLDER_PATH)/To-Do-List";
			};
			name = Release;
		};
		859290C22A1BCDE700AF836D /* Debug */ = {
			isa = XCBuildConfiguration;
			buildSettings = {
				ALWAYS_EMBED_SWIFT_STANDARD_LIBRARIES = YES;
				CODE_SIGN_STYLE = Automatic;
				CURRENT_PROJECT_VERSION = 1;
				GENERATE_INFOPLIST_FILE = YES;
				IPHONEOS_DEPLOYMENT_TARGET = 16.4;
				MACOSX_DEPLOYMENT_TARGET = 13.3;
				MARKETING_VERSION = 1.0;
				PRODUCT_BUNDLE_IDENTIFIER = "Fong.To-Do-ListUITests";
				PRODUCT_NAME = "$(TARGET_NAME)";
				SDKROOT = auto;
				SUPPORTED_PLATFORMS = "iphoneos iphonesimulator macosx";
				SWIFT_EMIT_LOC_STRINGS = NO;
				SWIFT_VERSION = 5.0;
				TARGETED_DEVICE_FAMILY = "1,2";
				TEST_TARGET_NAME = "To-Do-List";
			};
			name = Debug;
		};
		859290C32A1BCDE700AF836D /* Release */ = {
			isa = XCBuildConfiguration;
			buildSettings = {
				ALWAYS_EMBED_SWIFT_STANDARD_LIBRARIES = YES;
				CODE_SIGN_STYLE = Automatic;
				CURRENT_PROJECT_VERSION = 1;
				GENERATE_INFOPLIST_FILE = YES;
				IPHONEOS_DEPLOYMENT_TARGET = 16.4;
				MACOSX_DEPLOYMENT_TARGET = 13.3;
				MARKETING_VERSION = 1.0;
				PRODUCT_BUNDLE_IDENTIFIER = "Fong.To-Do-ListUITests";
				PRODUCT_NAME = "$(TARGET_NAME)";
				SDKROOT = auto;
				SUPPORTED_PLATFORMS = "iphoneos iphonesimulator macosx";
				SWIFT_EMIT_LOC_STRINGS = NO;
				SWIFT_VERSION = 5.0;
				TARGETED_DEVICE_FAMILY = "1,2";
				TEST_TARGET_NAME = "To-Do-List";
			};
			name = Release;
		};
/* End XCBuildConfiguration section */

/* Begin XCConfigurationList section */
		859290912A1BCDE400AF836D /* Build configuration list for PBXProject "To-Do-List" */ = {
			isa = XCConfigurationList;
			buildConfigurations = (
				859290B92A1BCDE700AF836D /* Debug */,
				859290BA2A1BCDE700AF836D /* Release */,
			);
			defaultConfigurationIsVisible = 0;
			defaultConfigurationName = Release;
		};
		859290BB2A1BCDE700AF836D /* Build configuration list for PBXNativeTarget "To-Do-List" */ = {
			isa = XCConfigurationList;
			buildConfigurations = (
				859290BC2A1BCDE700AF836D /* Debug */,
				859290BD2A1BCDE700AF836D /* Release */,
			);
			defaultConfigurationIsVisible = 0;
			defaultConfigurationName = Release;
		};
		859290BE2A1BCDE700AF836D /* Build configuration list for PBXNativeTarget "To-Do-ListTests" */ = {
			isa = XCConfigurationList;
			buildConfigurations = (
				859290BF2A1BCDE700AF836D /* Debug */,
				859290C02A1BCDE700AF836D /* Release */,
			);
			defaultConfigurationIsVisible = 0;
			defaultConfigurationName = Release;
		};
		859290C12A1BCDE700AF836D /* Build configuration list for PBXNativeTarget "To-Do-ListUITests" */ = {
			isa = XCConfigurationList;
			buildConfigurations = (
				859290C22A1BCDE700AF836D /* Debug */,
				859290C32A1BCDE700AF836D /* Release */,
			);
			defaultConfigurationIsVisible = 0;
			defaultConfigurationName = Release;
		};
/* End XCConfigurationList section */

/* Begin XCRemoteSwiftPackageReference section */
		859290D52A1F534900AF836D /* XCRemoteSwiftPackageReference "Connectivity" */ = {
			isa = XCRemoteSwiftPackageReference;
			repositoryURL = "https://github.com/rwbutler/Connectivity";
			requirement = {
				kind = upToNextMajorVersion;
				minimumVersion = 6.0.0;
			};
		};
/* End XCRemoteSwiftPackageReference section */

/* Begin XCSwiftPackageProductDependency section */
		859290D62A1F534900AF836D /* Connectivity */ = {
			isa = XCSwiftPackageProductDependency;
			package = 859290D52A1F534900AF836D /* XCRemoteSwiftPackageReference "Connectivity" */;
			productName = Connectivity;
		};
/* End XCSwiftPackageProductDependency section */
	};
	rootObject = 8592908E2A1BCDE400AF836D /* Project object */;
}
